
Microsoft Visual Studio Solution File, Format Version 12.00
# Visual Studio Version 16
VisualStudioVersion = 16.0.30309.148
MinimumVisualStudioVersion = 10.0.40219.1
Project("{FAE04EC0-301F-11D3-BF4B-00C04F79EFBC}") = "BookManagment", "BookManagment\BookManagment.csproj", "{766C199F-8DE9-4633-A33E-2BD6350E5A8A}"
EndProject
Project("{FAE04EC0-301F-11D3-BF4B-00C04F79EFBC}") = "BOL", "BOL\BOL.csproj", "{688222CE-6B87-4920-9013-CB985C69CF2F}"
EndProject
Project("{FAE04EC0-301F-11D3-BF4B-00C04F79EFBC}") = "BLL", "BLL\BLL.csproj", "{E8CF4392-A2C7-4793-A315-F706CDCE2A93}"
EndProject
Project("{FAE04EC0-301F-11D3-BF4B-00C04F79EFBC}") = "DAL", "DAL\DAL.csproj", "{9844A9E3-1BC3-465F-8C63-18E9AD8BC072}"
EndProject
Global
	GlobalSection(SolutionConfigurationPlatforms) = preSolution
		Debug|Any CPU = Debug|Any CPU
		Release|Any CPU = Release|Any CPU
	EndGlobalSection
	GlobalSection(ProjectConfigurationPlatforms) = postSolution
		{766C199F-8DE9-4633-A33E-2BD6350E5A8A}.Debug|Any CPU.ActiveCfg = Debug|Any CPU
		{766C199F-8DE9-4633-A33E-2BD6350E5A8A}.Debug|Any CPU.Build.0 = Debug|Any CPU
		{766C199F-8DE9-4633-A33E-2BD6350E5A8A}.Release|Any CPU.ActiveCfg = Release|Any CPU
		{766C199F-8DE9-4633-A33E-2BD6350E5A8A}.Release|Any CPU.Build.0 = Release|Any CPU
		{688222CE-6B87-4920-9013-CB985C69CF2F}.Debug|Any CPU.ActiveCfg = Debug|Any CPU
		{688222CE-6B87-4920-9013-CB985C69CF2F}.Debug|Any CPU.Build.0 = Debug|Any CPU
		{688222CE-6B87-4920-9013-CB985C69CF2F}.Release|Any CPU.ActiveCfg = Release|Any CPU
		{688222CE-6B87-4920-9013-CB985C69CF2F}.Release|Any CPU.Build.0 = Release|Any CPU
		{E8CF4392-A2C7-4793-A315-F706CDCE2A93}.Debug|Any CPU.ActiveCfg = Debug|Any CPU
		{E8CF4392-A2C7-4793-A315-F706CDCE2A93}.Debug|Any CPU.Build.0 = Debug|Any CPU
		{E8CF4392-A2C7-4793-A315-F706CDCE2A93}.Release|Any CPU.ActiveCfg = Release|Any CPU
		{E8CF4392-A2C7-4793-A315-F706CDCE2A93}.Release|Any CPU.Build.0 = Release|Any CPU
		{9844A9E3-1BC3-465F-8C63-18E9AD8BC072}.Debug|Any CPU.ActiveCfg = Debug|Any CPU
		{9844A9E3-1BC3-465F-8C63-18E9AD8BC072}.Debug|Any CPU.Build.0 = Debug|Any CPU
		{9844A9E3-1BC3-465F-8C63-18E9AD8BC072}.Release|Any CPU.ActiveCfg = Release|Any CPU
		{9844A9E3-1BC3-465F-8C63-18E9AD8BC072}.Release|Any CPU.Build.0 = Release|Any CPU
	EndGlobalSection
	GlobalSection(SolutionProperties) = preSolution
		HideSolutionNode = FALSE
	EndGlobalSection
	GlobalSection(ExtensibilityGlobals) = postSolution
		SolutionGuid = {799501C2-FCD8-4054-BD33-77130FA76501}
	EndGlobalSection
EndGlobal
